
Microsoft Visual Studio Solution File, Format Version 12.00
# Visual Studio Version 16
VisualStudioVersion = 16.0.30621.155
MinimumVisualStudioVersion = 10.0.40219.1
Project("{FAE04EC0-301F-11D3-BF4B-00C04F79EFBC}") = "Day5CodilityProject", "Day5CodilityProject\Day5CodilityProject.csproj", "{ADF08DBF-149F-4BE6-907D-6C184B984717}"
EndProject
Global
	GlobalSection(SolutionConfigurationPlatforms) = preSolution
		Debug|Any CPU = Debug|Any CPU
		Release|Any CPU = Release|Any CPU
	EndGlobalSection
	GlobalSection(ProjectConfigurationPlatforms) = postSolution
		{ADF08DBF-149F-4BE6-907D-6C184B984717}.Debug|Any CPU.ActiveCfg = Debug|Any CPU
		{ADF08DBF-149F-4BE6-907D-6C184B984717}.Debug|Any CPU.Build.0 = Debug|Any CPU
		{ADF08DBF-149F-4BE6-907D-6C184B984717}.Release|Any CPU.ActiveCfg = Release|Any CPU
		{ADF08DBF-149F-4BE6-907D-6C184B984717}.Release|Any CPU.Build.0 = Release|Any CPU
	EndGlobalSection
	GlobalSection(SolutionProperties) = preSolution
		HideSolutionNode = FALSE
	EndGlobalSection
	GlobalSection(ExtensibilityGlobals) = postSolution
		SolutionGuid = {ABBD9C9E-8B67-402E-9EF9-262AB5193D37}
	EndGlobalSection
EndGlobal
