
Microsoft Visual Studio Solution File, Format Version 12.00
# Visual Studio Version 16
VisualStudioVersion = 16.0.30621.155
MinimumVisualStudioVersion = 10.0.40219.1
Project("{FAE04EC0-301F-11D3-BF4B-00C04F79EFBC}") = "Day4Project", "Day4Project\Day4Project.csproj", "{E47F2861-1884-4862-9DBC-DF3EAA13FA33}"
EndProject
Project("{FAE04EC0-301F-11D3-BF4B-00C04F79EFBC}") = "QuestionDay4", "QuestionDay4\QuestionDay4.csproj", "{B5978C89-E568-4F21-911F-9DCF2AC535B0}"
EndProject
Project("{FAE04EC0-301F-11D3-BF4B-00C04F79EFBC}") = "ExceptionHandlingProject", "ExceptionHandlingProject\ExceptionHandlingProject.csproj", "{F28841A5-CA73-41CF-BAA6-FD1AB7059B93}"
EndProject
Global
	GlobalSection(SolutionConfigurationPlatforms) = preSolution
		Debug|Any CPU = Debug|Any CPU
		Release|Any CPU = Release|Any CPU
	EndGlobalSection
	GlobalSection(ProjectConfigurationPlatforms) = postSolution
		{E47F2861-1884-4862-9DBC-DF3EAA13FA33}.Debug|Any CPU.ActiveCfg = Debug|Any CPU
		{E47F2861-1884-4862-9DBC-DF3EAA13FA33}.Debug|Any CPU.Build.0 = Debug|Any CPU
		{E47F2861-1884-4862-9DBC-DF3EAA13FA33}.Release|Any CPU.ActiveCfg = Release|Any CPU
		{E47F2861-1884-4862-9DBC-DF3EAA13FA33}.Release|Any CPU.Build.0 = Release|Any CPU
		{B5978C89-E568-4F21-911F-9DCF2AC535B0}.Debug|Any CPU.ActiveCfg = Debug|Any CPU
		{B5978C89-E568-4F21-911F-9DCF2AC535B0}.Debug|Any CPU.Build.0 = Debug|Any CPU
		{B5978C89-E568-4F21-911F-9DCF2AC535B0}.Release|Any CPU.ActiveCfg = Release|Any CPU
		{B5978C89-E568-4F21-911F-9DCF2AC535B0}.Release|Any CPU.Build.0 = Release|Any CPU
		{F28841A5-CA73-41CF-BAA6-FD1AB7059B93}.Debug|Any CPU.ActiveCfg = Debug|Any CPU
		{F28841A5-CA73-41CF-BAA6-FD1AB7059B93}.Debug|Any CPU.Build.0 = Debug|Any CPU
		{F28841A5-CA73-41CF-BAA6-FD1AB7059B93}.Release|Any CPU.ActiveCfg = Release|Any CPU
		{F28841A5-CA73-41CF-BAA6-FD1AB7059B93}.Release|Any CPU.Build.0 = Release|Any CPU
	EndGlobalSection
	GlobalSection(SolutionProperties) = preSolution
		HideSolutionNode = FALSE
	EndGlobalSection
	GlobalSection(ExtensibilityGlobals) = postSolution
		SolutionGuid = {FB90593A-21CE-419D-A253-577F80AB11E2}
	EndGlobalSection
EndGlobal
