
Microsoft Visual Studio Solution File, Format Version 12.00
# Visual Studio Version 16
VisualStudioVersion = 16.0.30621.155
MinimumVisualStudioVersion = 10.0.40219.1
Project("{FAE04EC0-301F-11D3-BF4B-00C04F79EFBC}") = "CodilityDay1Project", "CodilityDay1Project\CodilityDay1Project.csproj", "{56A08151-B5F7-413B-A7D8-AF755B9E1254}"
EndProject
Global
	GlobalSection(SolutionConfigurationPlatforms) = preSolution
		Debug|Any CPU = Debug|Any CPU
		Release|Any CPU = Release|Any CPU
	EndGlobalSection
	GlobalSection(ProjectConfigurationPlatforms) = postSolution
		{56A08151-B5F7-413B-A7D8-AF755B9E1254}.Debug|Any CPU.ActiveCfg = Debug|Any CPU
		{56A08151-B5F7-413B-A7D8-AF755B9E1254}.Debug|Any CPU.Build.0 = Debug|Any CPU
		{56A08151-B5F7-413B-A7D8-AF755B9E1254}.Release|Any CPU.ActiveCfg = Release|Any CPU
		{56A08151-B5F7-413B-A7D8-AF755B9E1254}.Release|Any CPU.Build.0 = Release|Any CPU
	EndGlobalSection
	GlobalSection(SolutionProperties) = preSolution
		HideSolutionNode = FALSE
	EndGlobalSection
	GlobalSection(ExtensibilityGlobals) = postSolution
		SolutionGuid = {43D8668D-F822-4293-AFE9-28042EFFFE6B}
	EndGlobalSection
EndGlobal
